// !$*UTF8*$!
{
	archiveVersion = 1;
	classes = {
	};
	objectVersion = 50;
	objects = {

/* Begin PBXBuildFile section */
		F98FACD52582237400624B1E /* PosysaevSA_HW3_1App.swift in Sources */ = {isa = PBXBuildFile; fileRef = F98FACD42582237400624B1E /* PosysaevSA_HW3_1App.swift */; };
		F98FACD72582237400624B1E /* MainContentView.swift in Sources */ = {isa = PBXBuildFile; fileRef = F98FACD62582237400624B1E /* MainContentView.swift */; };
		F98FACD92582237500624B1E /* Assets.xcassets in Resources */ = {isa = PBXBuildFile; fileRef = F98FACD82582237500624B1E /* Assets.xcassets */; };
		F98FACDC2582237500624B1E /* Preview Assets.xcassets in Resources */ = {isa = PBXBuildFile; fileRef = F98FACDB2582237500624B1E /* Preview Assets.xcassets */; };
		F98FACE92582246F00624B1E /* Section.swift in Sources */ = {isa = PBXBuildFile; fileRef = F98FACE82582246F00624B1E /* Section.swift */; };
		F98FACF52582750600624B1E /* StartButton.swift in Sources */ = {isa = PBXBuildFile; fileRef = F98FACF42582750600624B1E /* StartButton.swift */; };
/* End PBXBuildFile section */

/* Begin PBXFileReference section */
		F98FACD12582237400624B1E /* PosysaevSA_HW3.1.app */ = {isa = PBXFileReference; explicitFileType = wrapper.application; includeInIndex = 0; path = PosysaevSA_HW3.1.app; sourceTree = BUILT_PRODUCTS_DIR; };
		F98FACD42582237400624B1E /* PosysaevSA_HW3_1App.swift */ = {isa = PBXFileReference; lastKnownFileType = sourcecode.swift; path = PosysaevSA_HW3_1App.swift; sourceTree = "<group>"; };
		F98FACD62582237400624B1E /* MainContentView.swift */ = {isa = PBXFileReference; lastKnownFileType = sourcecode.swift; path = MainContentView.swift; sourceTree = "<group>"; };
		F98FACD82582237500624B1E /* Assets.xcassets */ = {isa = PBXFileReference; lastKnownFileType = folder.assetcatalog; path = Assets.xcassets; sourceTree = "<group>"; };
		F98FACDB2582237500624B1E /* Preview Assets.xcassets */ = {isa = PBXFileReference; lastKnownFileType = folder.assetcatalog; path = "Preview Assets.xcassets"; sourceTree = "<group>"; };
		F98FACDD2582237500624B1E /* Info.plist */ = {isa = PBXFileReference; lastKnownFileType = text.plist.xml; path = Info.plist; sourceTree = "<group>"; };
		F98FACE82582246F00624B1E /* Section.swift */ = {isa = PBXFileReference; lastKnownFileType = sourcecode.swift; path = Section.swift; sourceTree = "<group>"; };
		F98FACF42582750600624B1E /* StartButton.swift */ = {isa = PBXFileReference; lastKnownFileType = sourcecode.swift; path = StartButton.swift; sourceTree = "<group>"; };
/* End PBXFileReference section */

/* Begin PBXFrameworksBuildPhase section */
		F98FACCE2582237400624B1E /* Frameworks */ = {
			isa = PBXFrameworksBuildPhase;
			buildActionMask = 2147483647;
			files = (
			);
			runOnlyForDeploymentPostprocessing = 0;
		};
/* End PBXFrameworksBuildPhase section */

/* Begin PBXGroup section */
		F98FACC82582237400624B1E = {
			isa = PBXGroup;
			children = (
				F98FACD32582237400624B1E /* PosysaevSA_HW3.1 */,
				F98FACD22582237400624B1E /* Products */,
			);
			sourceTree = "<group>";
		};
		F98FACD22582237400624B1E /* Products */ = {
			isa = PBXGroup;
			children = (
				F98FACD12582237400624B1E /* PosysaevSA_HW3.1.app */,
			);
			name = Products;
			sourceTree = "<group>";
		};
		F98FACD32582237400624B1E /* PosysaevSA_HW3.1 */ = {
			isa = PBXGroup;
			children = (
				F98FACD42582237400624B1E /* PosysaevSA_HW3_1App.swift */,
				F98FACD62582237400624B1E /* MainContentView.swift */,
				F98FACE82582246F00624B1E /* Section.swift */,
				F98FACF42582750600624B1E /* StartButton.swift */,
				F98FACD82582237500624B1E /* Assets.xcassets */,
				F98FACDD2582237500624B1E /* Info.plist */,
				F98FACDA2582237500624B1E /* Preview Content */,
			);
			path = PosysaevSA_HW3.1;
			sourceTree = "<group>";
		};
		F98FACDA2582237500624B1E /* Preview Content */ = {
			isa = PBXGroup;
			children = (
				F98FACDB2582237500624B1E /* Preview Assets.xcassets */,
			);
			path = "Preview Content";
			sourceTree = "<group>";
		};
/* End PBXGroup section */

/* Begin PBXNativeTarget section */
		F98FACD02582237400624B1E /* PosysaevSA_HW3.1 */ = {
			isa = PBXNativeTarget;
			buildConfigurationList = F98FACE02582237500624B1E /* Build configuration list for PBXNativeTarget "PosysaevSA_HW3.1" */;
			buildPhases = (
				F98FACCD2582237400624B1E /* Sources */,
				F98FACCE2582237400624B1E /* Frameworks */,
				F98FACCF2582237400624B1E /* Resources */,
			);
			buildRules = (
			);
			dependencies = (
			);
			name = PosysaevSA_HW3.1;
			productName = PosysaevSA_HW3.1;
			productReference = F98FACD12582237400624B1E /* PosysaevSA_HW3.1.app */;
			productType = "com.apple.product-type.application";
		};
/* End PBXNativeTarget section */

/* Begin PBXProject section */
		F98FACC92582237400624B1E /* Project object */ = {
			isa = PBXProject;
			attributes = {
				LastSwiftUpdateCheck = 1220;
				LastUpgradeCheck = 1220;
				TargetAttributes = {
					F98FACD02582237400624B1E = {
						CreatedOnToolsVersion = 12.2;
					};
				};
			};
			buildConfigurationList = F98FACCC2582237400624B1E /* Build configuration list for PBXProject "PosysaevSA_HW3.1" */;
			compatibilityVersion = "Xcode 9.3";
			developmentRegion = en;
			hasScannedForEncodings = 0;
			knownRegions = (
				en,
				Base,
			);
			mainGroup = F98FACC82582237400624B1E;
			productRefGroup = F98FACD22582237400624B1E /* Products */;
			projectDirPath = "";
			projectRoot = "";
			targets = (
				F98FACD02582237400624B1E /* PosysaevSA_HW3.1 */,
			);
		};
/* End PBXProject section */

/* Begin PBXResourcesBuildPhase section */
		F98FACCF2582237400624B1E /* Resources */ = {
			isa = PBXResourcesBuildPhase;
			buildActionMask = 2147483647;
			files = (
				F98FACDC2582237500624B1E /* Preview Assets.xcassets in Resources */,
				F98FACD92582237500624B1E /* Assets.xcassets in Resources */,
			);
			runOnlyForDeploymentPostprocessing = 0;
		};
/* End PBXResourcesBuildPhase section */

/* Begin PBXSourcesBuildPhase section */
		F98FACCD2582237400624B1E /* Sources */ = {
			isa = PBXSourcesBuildPhase;
			buildActionMask = 2147483647;
			files = (
				F98FACE92582246F00624B1E /* Section.swift in Sources */,
				F98FACD72582237400624B1E /* MainContentView.swift in Sources */,
				F98FACF52582750600624B1E /* StartButton.swift in Sources */,
				F98FACD52582237400624B1E /* PosysaevSA_HW3_1App.swift in Sources */,
			);
			runOnlyForDeploymentPostprocessing = 0;
		};
/* End PBXSourcesBuildPhase section */

/* Begin XCBuildConfiguration section */
		F98FACDE2582237500624B1E /* Debug */ = {
			isa = XCBuildConfiguration;
			buildSettings = {
				ALWAYS_SEARCH_USER_PATHS = NO;
				CLANG_ANALYZER_NONNULL = YES;
				CLANG_ANALYZER_NUMBER_OBJECT_CONVERSION = YES_AGGRESSIVE;
				CLANG_CXX_LANGUAGE_STANDARD = "gnu++14";
				CLANG_CXX_LIBRARY = "libc++";
				CLANG_ENABLE_MODULES = YES;
				CLANG_ENABLE_OBJC_ARC = YES;
				CLANG_ENABLE_OBJC_WEAK = YES;
				CLANG_WARN_BLOCK_CAPTURE_AUTORELEASING = YES;
				CLANG_WARN_BOOL_CONVERSION = YES;
				CLANG_WARN_COMMA = YES;
				CLANG_WARN_CONSTANT_CONVERSION = YES;
				CLANG_WARN_DEPRECATED_OBJC_IMPLEMENTATIONS = YES;
				CLANG_WARN_DIRECT_OBJC_ISA_USAGE = YES_ERROR;
				CLANG_WARN_DOCUMENTATION_COMMENTS = YES;
				CLANG_WARN_EMPTY_BODY = YES;
				CLANG_WARN_ENUM_CONVERSION = YES;
				CLANG_WARN_INFINITE_RECURSION = YES;
				CLANG_WARN_INT_CONVERSION = YES;
				CLANG_WARN_NON_LITERAL_NULL_CONVERSION = YES;
				CLANG_WARN_OBJC_IMPLICIT_RETAIN_SELF = YES;
				CLANG_WARN_OBJC_LITERAL_CONVERSION = YES;
				CLANG_WARN_OBJC_ROOT_CLASS = YES_ERROR;
				CLANG_WARN_QUOTED_INCLUDE_IN_FRAMEWORK_HEADER = YES;
				CLANG_WARN_RANGE_LOOP_ANALYSIS = YES;
				CLANG_WARN_STRICT_PROTOTYPES = YES;
				CLANG_WARN_SUSPICIOUS_MOVE = YES;
				CLANG_WARN_UNGUARDED_AVAILABILITY = YES_AGGRESSIVE;
				CLANG_WARN_UNREACHABLE_CODE = YES;
				CLANG_WARN__DUPLICATE_METHOD_MATCH = YES;
				COPY_PHASE_STRIP = NO;
				DEBUG_INFORMATION_FORMAT = dwarf;
				ENABLE_STRICT_OBJC_MSGSEND = YES;
				ENABLE_TESTABILITY = YES;
				GCC_C_LANGUAGE_STANDARD = gnu11;
				GCC_DYNAMIC_NO_PIC = NO;
				GCC_NO_COMMON_BLOCKS = YES;
				GCC_OPTIMIZATION_LEVEL = 0;
				GCC_PREPROCESSOR_DEFINITIONS = (
					"DEBUG=1",
					"$(inherited)",
				);
				GCC_WARN_64_TO_32_BIT_CONVERSION = YES;
				GCC_WARN_ABOUT_RETURN_TYPE = YES_ERROR;
				GCC_WARN_UNDECLARED_SELECTOR = YES;
				GCC_WARN_UNINITIALIZED_AUTOS = YES_AGGRESSIVE;
				GCC_WARN_UNUSED_FUNCTION = YES;
				GCC_WARN_UNUSED_VARIABLE = YES;
				IPHONEOS_DEPLOYMENT_TARGET = 14.2;
				MTL_ENABLE_DEBUG_INFO = INCLUDE_SOURCE;
				MTL_FAST_MATH = YES;
				ONLY_ACTIVE_ARCH = YES;
				SDKROOT = iphoneos;
				SWIFT_ACTIVE_COMPILATION_CONDITIONS = DEBUG;
				SWIFT_OPTIMIZATION_LEVEL = "-Onone";
			};
			name = Debug;
		};
		F98FACDF2582237500624B1E /* Release */ = {
			isa = XCBuildConfiguration;
			buildSettings = {
				ALWAYS_SEARCH_USER_PATHS = NO;
				CLANG_ANALYZER_NONNULL = YES;
				CLANG_ANALYZER_NUMBER_OBJECT_CONVERSION = YES_AGGRESSIVE;
				CLANG_CXX_LANGUAGE_STANDARD = "gnu++14";
				CLANG_CXX_LIBRARY = "libc++";
				CLANG_ENABLE_MODULES = YES;
				CLANG_ENABLE_OBJC_ARC = YES;
				CLANG_ENABLE_OBJC_WEAK = YES;
				CLANG_WARN_BLOCK_CAPTURE_AUTORELEASING = YES;
				CLANG_WARN_BOOL_CONVERSION = YES;
				CLANG_WARN_COMMA = YES;
				CLANG_WARN_CONSTANT_CONVERSION = YES;
				CLANG_WARN_DEPRECATED_OBJC_IMPLEMENTATIONS = YES;
				CLANG_WARN_DIRECT_OBJC_ISA_USAGE = YES_ERROR;
				CLANG_WARN_DOCUMENTATION_COMMENTS = YES;
				CLANG_WARN_EMPTY_BODY = YES;
				CLANG_WARN_ENUM_CONVERSION = YES;
				CLANG_WARN_INFINITE_RECURSION = YES;
				CLANG_WARN_INT_CONVERSION = YES;
				CLANG_WARN_NON_LITERAL_NULL_CONVERSION = YES;
				CLANG_WARN_OBJC_IMPLICIT_RETAIN_SELF = YES;
				CLANG_WARN_OBJC_LITERAL_CONVERSION = YES;
				CLANG_WARN_OBJC_ROOT_CLASS = YES_ERROR;
				CLANG_WARN_QUOTED_INCLUDE_IN_FRAMEWORK_HEADER = YES;
				CLANG_WARN_RANGE_LOOP_ANALYSIS = YES;
				CLANG_WARN_STRICT_PROTOTYPES = YES;
				CLANG_WARN_SUSPICIOUS_MOVE = YES;
				CLANG_WARN_UNGUARDED_AVAILABILITY = YES_AGGRESSIVE;
				CLANG_WARN_UNREACHABLE_CODE = YES;
				CLANG_WARN__DUPLICATE_METHOD_MATCH = YES;
				COPY_PHASE_STRIP = NO;
				DEBUG_INFORMATION_FORMAT = "dwarf-with-dsym";
				ENABLE_NS_ASSERTIONS = NO;
				ENABLE_STRICT_OBJC_MSGSEND = YES;
				GCC_C_LANGUAGE_STANDARD = gnu11;
				GCC_NO_COMMON_BLOCKS = YES;
				GCC_WARN_64_TO_32_BIT_CONVERSION = YES;
				GCC_WARN_ABOUT_RETURN_TYPE = YES_ERROR;
				GCC_WARN_UNDECLARED_SELECTOR = YES;
				GCC_WARN_UNINITIALIZED_AUTOS = YES_AGGRESSIVE;
				GCC_WARN_UNUSED_FUNCTION = YES;
				GCC_WARN_UNUSED_VARIABLE = YES;
				IPHONEOS_DEPLOYMENT_TARGET = 14.2;
				MTL_ENABLE_DEBUG_INFO = NO;
				MTL_FAST_MATH = YES;
				SDKROOT = iphoneos;
				SWIFT_COMPILATION_MODE = wholemodule;
				SWIFT_OPTIMIZATION_LEVEL = "-O";
				VALIDATE_PRODUCT = YES;
			};
			name = Release;
		};
		F98FACE12582237500624B1E /* Debug */ = {
			isa = XCBuildConfiguration;
			buildSettings = {
				ASSETCATALOG_COMPILER_APPICON_NAME = AppIcon;
				ASSETCATALOG_COMPILER_GLOBAL_ACCENT_COLOR_NAME = AccentColor;
				CODE_SIGN_STYLE = Automatic;
				DEVELOPMENT_ASSET_PATHS = "\"PosysaevSA_HW3.1/Preview Content\"";
				DEVELOPMENT_TEAM = V594626Y7H;
				ENABLE_PREVIEWS = YES;
				INFOPLIST_FILE = PosysaevSA_HW3.1/Info.plist;
				IPHONEOS_DEPLOYMENT_TARGET = 14.0;
				LD_RUNPATH_SEARCH_PATHS = (
					"$(inherited)",
					"@executable_path/Frameworks",
				);
				PRODUCT_BUNDLE_IDENTIFIER = "ru.ustlab-1c.PosysaevSA-HW3-1";
				PRODUCT_NAME = "$(TARGET_NAME)";
				SWIFT_VERSION = 5.0;
				TARGETED_DEVICE_FAMILY = "1,2";
			};
			name = Debug;
		};
		F98FACE22582237500624B1E /* Release */ = {
			isa = XCBuildConfiguration;
			buildSettings = {
				ASSETCATALOG_COMPILER_APPICON_NAME = AppIcon;
				ASSETCATALOG_COMPILER_GLOBAL_ACCENT_COLOR_NAME = AccentColor;
				CODE_SIGN_STYLE = Automatic;
				DEVELOPMENT_ASSET_PATHS = "\"PosysaevSA_HW3.1/Preview Content\"";
				DEVELOPMENT_TEAM = V594626Y7H;
				ENABLE_PREVIEWS = YES;
				INFOPLIST_FILE = PosysaevSA_HW3.1/Info.plist;
				IPHONEOS_DEPLOYMENT_TARGET = 14.0;
				LD_RUNPATH_SEARCH_PATHS = (
					"$(inherited)",
					"@executable_path/Frameworks",
				);
				PRODUCT_BUNDLE_IDENTIFIER = "ru.ustlab-1c.PosysaevSA-HW3-1";
				PRODUCT_NAME = "$(TARGET_NAME)";
				SWIFT_VERSION = 5.0;
				TARGETED_DEVICE_FAMILY = "1,2";
			};
			name = Release;
		};
/* End XCBuildConfiguration section */

/* Begin XCConfigurationList section */
		F98FACCC2582237400624B1E /* Build configuration list for PBXProject "PosysaevSA_HW3.1" */ = {
			isa = XCConfigurationList;
			buildConfigurations = (
				F98FACDE2582237500624B1E /* Debug */,
				F98FACDF2582237500624B1E /* Release */,
			);
			defaultConfigurationIsVisible = 0;
			defaultConfigurationName = Release;
		};
		F98FACE02582237500624B1E /* Build configuration list for PBXNativeTarget "PosysaevSA_HW3.1" */ = {
			isa = XCConfigurationList;
			buildConfigurations = (
				F98FACE12582237500624B1E /* Debug */,
				F98FACE22582237500624B1E /* Release */,
			);
			defaultConfigurationIsVisible = 0;
			defaultConfigurationName = Release;
		};
/* End XCConfigurationList section */
	};
	rootObject = F98FACC92582237400624B1E /* Project object */;
}
